
Microsoft Visual Studio Solution File, Format Version 12.00
# Visual Studio 15
Project("{FAE04EC0-301F-11D3-BF4B-00C04F79EFBC}") = "Computer-Games-master", "Assembly-CSharp.csproj", "{34E8775E-CDF9-A290-7C85-EADE501EFBA7}"
EndProject
Project("{FAE04EC0-301F-11D3-BF4B-00C04F79EFBC}") = "Computer-Games-master", "Assembly-CSharp-firstpass.csproj", "{751FF46D-6A1D-276A-E387-1B30F9AC3AF2}"
EndProject
Global
	GlobalSection(SolutionConfigurationPlatforms) = preSolution
		Debug|Any CPU = Debug|Any CPU
		Release|Any CPU = Release|Any CPU
	EndGlobalSection
	GlobalSection(ProjectConfigurationPlatforms) = postSolution
		{34E8775E-CDF9-A290-7C85-EADE501EFBA7}.Debug|Any CPU.ActiveCfg = Debug|Any CPU
		{34E8775E-CDF9-A290-7C85-EADE501EFBA7}.Debug|Any CPU.Build.0 = Debug|Any CPU
		{34E8775E-CDF9-A290-7C85-EADE501EFBA7}.Release|Any CPU.ActiveCfg = Release|Any CPU
		{34E8775E-CDF9-A290-7C85-EADE501EFBA7}.Release|Any CPU.Build.0 = Release|Any CPU
		{751FF46D-6A1D-276A-E387-1B30F9AC3AF2}.Debug|Any CPU.ActiveCfg = Debug|Any CPU
		{751FF46D-6A1D-276A-E387-1B30F9AC3AF2}.Debug|Any CPU.Build.0 = Debug|Any CPU
		{751FF46D-6A1D-276A-E387-1B30F9AC3AF2}.Release|Any CPU.ActiveCfg = Release|Any CPU
		{751FF46D-6A1D-276A-E387-1B30F9AC3AF2}.Release|Any CPU.Build.0 = Release|Any CPU
	EndGlobalSection
	GlobalSection(SolutionProperties) = preSolution
		HideSolutionNode = FALSE
	EndGlobalSection
EndGlobal
